
Microsoft Visual Studio Solution File, Format Version 12.00
# Visual Studio 15
VisualStudioVersion = 15.0.28307.902
MinimumVisualStudioVersion = 10.0.40219.1
Project("{FAE04EC0-301F-11D3-BF4B-00C04F79EFBC}") = "forms", "forms\forms.csproj", "{849E0F4B-E7E4-4813-8532-39DFAC185CBC}"
EndProject
Global
	GlobalSection(SolutionConfigurationPlatforms) = preSolution
		Debug|Any CPU = Debug|Any CPU
		Release|Any CPU = Release|Any CPU
	EndGlobalSection
	GlobalSection(ProjectConfigurationPlatforms) = postSolution
		{849E0F4B-E7E4-4813-8532-39DFAC185CBC}.Debug|Any CPU.ActiveCfg = Debug|Any CPU
		{849E0F4B-E7E4-4813-8532-39DFAC185CBC}.Debug|Any CPU.Build.0 = Debug|Any CPU
		{849E0F4B-E7E4-4813-8532-39DFAC185CBC}.Release|Any CPU.ActiveCfg = Release|Any CPU
		{849E0F4B-E7E4-4813-8532-39DFAC185CBC}.Release|Any CPU.Build.0 = Release|Any CPU
	EndGlobalSection
	GlobalSection(SolutionProperties) = preSolution
		HideSolutionNode = FALSE
	EndGlobalSection
	GlobalSection(ExtensibilityGlobals) = postSolution
		SolutionGuid = {BF34655F-4AB8-4FFD-A133-E8B47F9E18A4}
	EndGlobalSection
EndGlobal
